# This file is automatically @generated by Cargo.
# It is not intended for manual editing.
version = 4

[[package]]
name = "gooz-audio"
version = "0.1.0"
dependencies = [
 "gooz-dsp",
 "gooz-ratio",
]

[[package]]
name = "gooz-dsp"
version = "0.1.0"
dependencies = [
 "gooz-ratio",
]

[[package]]
name = "gooz-lyrics"
version = "0.1.0"
dependencies = [
 "gooz-model",
 "gooz-ratio",
]

[[package]]
name = "gooz-model"
version = "0.1.0"
dependencies = [
 "gooz-dsp",
 "gooz-ratio",
]

[[package]]
name = "gooz-ratio"
version = "0.1.0"

[[package]]
name = "gooz-session"
version = "0.1.0"
dependencies = [
 "gooz-ratio",
]

[[package]]
name = "gooz-studio"
version = "0.1.0"
dependencies = [
 "gooz-audio",
 "gooz-dsp",
 "gooz-lyrics",
 "gooz-model",
 "gooz-ratio",
 "gooz-session",
 "gooz-synth",
]

[[package]]
name = "gooz-synth"
version = "0.1.0"
dependencies = [
 "gooz-dsp",
 "gooz-ratio",
]
